
Microsoft Visual Studio Solution File, Format Version 12.00
# Visual Studio Version 17
VisualStudioVersion = 17.8.34330.188
MinimumVisualStudioVersion = 10.0.40219.1
Project("{FAE04EC0-301F-11D3-BF4B-00C04F79EFBC}") = "SoloProject_CafeKiosk", "SoloProject_CafeKiosk.csproj", "{EEDE602B-5A13-4414-A4C7-65879E4B49D0}"
EndProject
Global
	GlobalSection(SolutionConfigurationPlatforms) = preSolution
		Debug|Any CPU = Debug|Any CPU
		Release|Any CPU = Release|Any CPU
	EndGlobalSection
	GlobalSection(ProjectConfigurationPlatforms) = postSolution
		{EEDE602B-5A13-4414-A4C7-65879E4B49D0}.Debug|Any CPU.ActiveCfg = Debug|Any CPU
		{EEDE602B-5A13-4414-A4C7-65879E4B49D0}.Debug|Any CPU.Build.0 = Debug|Any CPU
		{EEDE602B-5A13-4414-A4C7-65879E4B49D0}.Release|Any CPU.ActiveCfg = Release|Any CPU
		{EEDE602B-5A13-4414-A4C7-65879E4B49D0}.Release|Any CPU.Build.0 = Release|Any CPU
	EndGlobalSection
	GlobalSection(SolutionProperties) = preSolution
		HideSolutionNode = FALSE
	EndGlobalSection
	GlobalSection(ExtensibilityGlobals) = postSolution
		SolutionGuid = {754C916A-EF08-4C56-BA3D-81A3F74A2F11}
	EndGlobalSection
EndGlobal
